<?xml version="1.0" encoding="utf-8"?>
<Project ToolsVersion="4.0" xmlns="http://schemas.microsoft.com/developer/msbuild/2003">
  <ItemGroup>
    <Filter Include="소스 파일">
      <UniqueIdentifier>{4FC737F1-C7A5-4376-A066-2A32D752A2FF}</UniqueIdentifier>
      <Extensions>cpp;c;cc;cxx;c++;cppm;ixx;def;odl;idl;hpj;bat;asm;asmx</Extensions>
    </Filter>
    <Filter Include="ServerCommon">
      <UniqueIdentifier>{8b431645-7671-4e8b-9263-a2ef8634a40d}</UniqueIdentifier>
    </Filter>
    <Filter Include="ServerCommon\DataStructure">
      <UniqueIdentifier>{f114ff8c-e3e0-489b-91c0-9d026c4997f2}</UniqueIdentifier>
    </Filter>
    <Filter Include="ServerCommon\DB">
      <UniqueIdentifier>{ff45bbc4-1043-4c37-81ae-0b241ceb5d9f}</UniqueIdentifier>
    </Filter>
    <Filter Include="ServerCommon\Logger">
      <UniqueIdentifier>{e27a3fde-a34c-4130-903b-f3cd3220c33d}</UniqueIdentifier>
    </Filter>
    <Filter Include="ServerCommon\Monitor">
      <UniqueIdentifier>{673cb8d8-2ca4-4635-b0cf-f9974a8f1edf}</UniqueIdentifier>
    </Filter>
    <Filter Include="ServerCommon\NetWork">
      <UniqueIdentifier>{35ce557f-d094-45ac-9cf6-3b8989f76dfc}</UniqueIdentifier>
    </Filter>
    <Filter Include="ServerCommon\Parser">
      <UniqueIdentifier>{0c7aad26-4307-41ad-977e-624db3e3fb0c}</UniqueIdentifier>
    </Filter>
    <Filter Include="ServerCommon\UpdateAndTimer">
      <UniqueIdentifier>{c71a7542-22df-4803-bf4c-99e3c0a21023}</UniqueIdentifier>
    </Filter>
    <Filter Include="LanClient">
      <UniqueIdentifier>{842efa7c-d467-4afe-87ef-2e694acdae7c}</UniqueIdentifier>
    </Filter>
    <Filter Include="GameServer">
      <UniqueIdentifier>{95f9d0e6-e7de-4982-9f53-986995856b6c}</UniqueIdentifier>
    </Filter>
    <Filter Include="LoginServer">
      <UniqueIdentifier>{e9d8e431-7dd5-46a5-85e9-5bb6bb7693b5}</UniqueIdentifier>
    </Filter>
  </ItemGroup>
  <ItemGroup>
    <ClCompile Include="..\..\ServerCommon\ServerCommon\DataStructure\CLinkedList.cpp">
      <Filter>ServerCommon\DataStructure</Filter>
    </ClCompile>
    <ClCompile Include="..\..\ServerCommon\ServerCommon\DB\QueryFactory.cpp">
      <Filter>ServerCommon\DB</Filter>
    </ClCompile>
    <ClCompile Include="..\..\ServerCommon\ServerCommon\Monitor\HMonitor.cpp">
      <Filter>ServerCommon\Monitor</Filter>
    </ClCompile>
    <ClCompile Include="..\..\ServerCommon\ServerCommon\NetWork\RingBuffer.cpp">
      <Filter>ServerCommon\NetWork</Filter>
    </ClCompile>
    <ClCompile Include="..\..\ServerCommon\ServerCommon\CMClient.cpp">
      <Filter>ServerCommon</Filter>
    </ClCompile>
    <ClCompile Include="..\..\LanClient\LanClient\LanClientSession.cpp">
      <Filter>LanClient</Filter>
    </ClCompile>
    <ClCompile Include="..\..\LanClient\LanClient\LanClient.cpp">
      <Filter>LanClient</Filter>
    </ClCompile>
    <ClCompile Include="..\..\GameServerLib\GameServerLib\SerialContent.cpp">
      <Filter>GameServer</Filter>
    </ClCompile>
    <ClCompile Include="..\..\GameServerLib\GameServerLib\ContentsBase.cpp">
      <Filter>GameServer</Filter>
    </ClCompile>
    <ClCompile Include="..\..\GameServerLib\GameServerLib\GameServer.cpp">
      <Filter>GameServer</Filter>
    </ClCompile>
    <ClCompile Include="..\..\GameServerLib\GameServerLib\ParallelContent.cpp">
      <Filter>GameServer</Filter>
    </ClCompile>
    <ClCompile Include="..\..\GameServerLib\GameServerLib\GameSession.cpp">
      <Filter>GameServer</Filter>
    </ClCompile>
    <ClCompile Include="LoginServer.cpp">
      <Filter>LoginServer</Filter>
    </ClCompile>
    <ClCompile Include="LoginContent.cpp">
      <Filter>LoginServer</Filter>
    </ClCompile>
    <ClCompile Include="..\..\ServerCommon\ServerCommon\UpdateAndTimer\Scheduler.cpp">
      <Filter>ServerCommon\UpdateAndTimer</Filter>
    </ClCompile>
    <ClCompile Include="..\..\ServerCommon\ServerCommon\UpdateAndTimer\UpdateBase.cpp">
      <Filter>ServerCommon\UpdateAndTimer</Filter>
    </ClCompile>
    <ClCompile Include="main.cpp">
      <Filter>소스 파일</Filter>
    </ClCompile>
  </ItemGroup>
  <ItemGroup>
    <ClInclude Include="..\..\ServerCommon\ServerCommon\DataStructure\CLockFreeQueue.h">
      <Filter>ServerCommon\DataStructure</Filter>
    </ClInclude>
    <ClInclude Include="..\..\ServerCommon\ServerCommon\DataStructure\CLockFreeStack.h">
      <Filter>ServerCommon\DataStructure</Filter>
    </ClInclude>
    <ClInclude Include="..\..\ServerCommon\ServerCommon\DataStructure\CTlsObjectPool.h">
      <Filter>ServerCommon\DataStructure</Filter>
    </ClInclude>
    <ClInclude Include="..\..\ServerCommon\ServerCommon\DataStructure\CAddressTranslator.h">
      <Filter>ServerCommon\DataStructure</Filter>
    </ClInclude>
    <ClInclude Include="..\..\ServerCommon\ServerCommon\DataStructure\CLinkedList.h">
      <Filter>ServerCommon\DataStructure</Filter>
    </ClInclude>
    <ClInclude Include="..\..\ServerCommon\ServerCommon\DB\QueryFactory.h">
      <Filter>ServerCommon\DB</Filter>
    </ClInclude>
    <ClInclude Include="..\..\ServerCommon\ServerCommon\Logger\Logger.h">
      <Filter>ServerCommon\Logger</Filter>
    </ClInclude>
    <ClInclude Include="..\..\ServerCommon\ServerCommon\Monitor\HMonitor.h">
      <Filter>ServerCommon\Monitor</Filter>
    </ClInclude>
    <ClInclude Include="..\..\ServerCommon\ServerCommon\Monitor\Monitorable.h">
      <Filter>ServerCommon\Monitor</Filter>
    </ClInclude>
    <ClInclude Include="..\..\ServerCommon\ServerCommon\NetWork\RingBuffer.h">
      <Filter>ServerCommon\NetWork</Filter>
    </ClInclude>
    <ClInclude Include="..\..\ServerCommon\ServerCommon\NetWork\Packet.h">
      <Filter>ServerCommon\NetWork</Filter>
    </ClInclude>
    <ClInclude Include="..\..\ServerCommon\ServerCommon\Parser\Parser.h">
      <Filter>ServerCommon\Parser</Filter>
    </ClInclude>
    <ClInclude Include="..\..\ServerCommon\ServerCommon\CommonProtocol.h">
      <Filter>ServerCommon</Filter>
    </ClInclude>
    <ClInclude Include="..\..\ServerCommon\ServerCommon\CMClient.h">
      <Filter>ServerCommon</Filter>
    </ClInclude>
    <ClInclude Include="..\..\LanClient\LanClient\LanClientSession.h">
      <Filter>LanClient</Filter>
    </ClInclude>
    <ClInclude Include="..\..\LanClient\LanClient\LanClient.h">
      <Filter>LanClient</Filter>
    </ClInclude>
    <ClInclude Include="..\..\ServerCommon\ServerCommon\RedisClientWrapper.h">
      <Filter>ServerCommon</Filter>
    </ClInclude>
    <ClInclude Include="..\..\GameServerLib\GameServerLib\SerialContent.h">
      <Filter>GameServer</Filter>
    </ClInclude>
    <ClInclude Include="..\..\GameServerLib\GameServerLib\ThreadMessage.h">
      <Filter>GameServer</Filter>
    </ClInclude>
    <ClInclude Include="..\..\GameServerLib\GameServerLib\ThreadMsg.h">
      <Filter>GameServer</Filter>
    </ClInclude>
    <ClInclude Include="..\..\GameServerLib\GameServerLib\ContentsBase.h">
      <Filter>GameServer</Filter>
    </ClInclude>
    <ClInclude Include="..\..\GameServerLib\GameServerLib\ContentsType.h">
      <Filter>GameServer</Filter>
    </ClInclude>
    <ClInclude Include="..\..\GameServerLib\GameServerLib\ErrType.h">
      <Filter>GameServer</Filter>
    </ClInclude>
    <ClInclude Include="..\..\GameServerLib\GameServerLib\GameServer.h">
      <Filter>GameServer</Filter>
    </ClInclude>
    <ClInclude Include="..\..\GameServerLib\GameServerLib\GameSession.h">
      <Filter>GameServer</Filter>
    </ClInclude>
    <ClInclude Include="..\..\GameServerLib\GameServerLib\Logger.h">
      <Filter>GameServer</Filter>
    </ClInclude>
    <ClInclude Include="..\..\GameServerLib\GameServerLib\ParallelContent.h">
      <Filter>GameServer</Filter>
    </ClInclude>
    <ClInclude Include="LoginContent.h">
      <Filter>LoginServer</Filter>
    </ClInclude>
    <ClInclude Include="LoginPlayer.h">
      <Filter>LoginServer</Filter>
    </ClInclude>
    <ClInclude Include="..\..\ServerCommon\ServerCommon\UpdateAndTimer\Scheduler.h">
      <Filter>ServerCommon\UpdateAndTimer</Filter>
    </ClInclude>
    <ClInclude Include="..\..\ServerCommon\ServerCommon\UpdateAndTimer\UpdateBase.h">
      <Filter>ServerCommon\UpdateAndTimer</Filter>
    </ClInclude>
    <ClInclude Include="LoginServer.h">
      <Filter>LoginServer</Filter>
    </ClInclude>
  </ItemGroup>
  <ItemGroup>
    <None Include="..\..\ServerCommon\ServerCommon\DB\libcrypto-3-x64.dll">
      <Filter>ServerCommon\DB</Filter>
    </None>
    <None Include="..\..\ServerCommon\ServerCommon\DB\libmysql.dll">
      <Filter>ServerCommon\DB</Filter>
    </None>
    <None Include="..\..\ServerCommon\ServerCommon\DB\libssl-3-x64.dll">
      <Filter>ServerCommon\DB</Filter>
    </None>
    <None Include="..\..\ServerCommon\ServerCommon\Logger\LoggerMT.dll">
      <Filter>ServerCommon\Logger</Filter>
    </None>
    <None Include="..\..\ServerCommon\ServerCommon\Parser\TextParser.dll">
      <Filter>ServerCommon\Parser</Filter>
    </None>
  </ItemGroup>
  <ItemGroup>
    <Library Include="..\..\ServerCommon\ServerCommon\DB\libmysql.lib">
      <Filter>ServerCommon\DB</Filter>
    </Library>
    <Library Include="..\..\ServerCommon\ServerCommon\Logger\LoggerMT.lib">
      <Filter>ServerCommon\Logger</Filter>
    </Library>
    <Library Include="..\..\ServerCommon\ServerCommon\Parser\TextParser.lib">
      <Filter>ServerCommon\Parser</Filter>
    </Library>
  </ItemGroup>
</Project>